
Microsoft Visual Studio Solution File, Format Version 12.00
# Visual Studio Version 17
VisualStudioVersion = 17.1.31911.260
MinimumVisualStudioVersion = 10.0.40219.1
Project("{8BC9CEB8-8B4A-11D0-8D11-00A0C91BC942}") = "01-SimpleConsoleAppPch", "01-SimpleConsoleApp\pch\01-SimpleConsoleAppPch.vcxproj", "{1115DE20-9092-4111-928E-0F760D9FE6EC}"
EndProject
Project("{8BC9CEB8-8B4A-11D0-8D11-00A0C91BC942}") = "01-SimpleConsoleAppMod", "01-SimpleConsoleApp\mod\01-SimpleConsoleAppMod.vcxproj", "{2225DE20-9092-4111-928E-0F760D9FE6EC}"
EndProject
Project("{8BC9CEB8-8B4A-11D0-8D11-00A0C91BC942}") = "WinRTModule", "00-WinRTModule\WinRTModule.vcxproj", "{00008F98-A466-4690-B2C0-239486ABE994}"
EndProject
Project("{8BC9CEB8-8B4A-11D0-8D11-00A0C91BC942}") = "02-SimpleAsyncActionMod", "02-SimpleAsyncAction\mod\02-SimpleAsyncActionMod.vcxproj", "{2225DE20-9092-4111-928E-0F760D9FE222}"
EndProject
Project("{8BC9CEB8-8B4A-11D0-8D11-00A0C91BC942}") = "02-SimpleAsyncActionPch", "02-SimpleAsyncAction\pch\02-SimpleAsyncActionPch.vcxproj", "{1115DE20-9092-4111-928E-0F760D9FE222}"
EndProject
Project("{8BC9CEB8-8B4A-11D0-8D11-00A0C91BC942}") = "03-SimpleCustomComponentPch", "03-SimpleCustomComponent\pch\03-SimpleCustomComponentPch.vcxproj", "{11117EE0-573F-4CD2-A1AC-B8F5F3299333}"
EndProject
Project("{8BC9CEB8-8B4A-11D0-8D11-00A0C91BC942}") = "03-SimpleCustomComponentMod", "03-SimpleCustomComponent\mod\03-SimpleCustomComponentMod.vcxproj", "{22217EE0-573F-4CD2-A1AC-B8F5F3299333}"
EndProject
Project("{8BC9CEB8-8B4A-11D0-8D11-00A0C91BC942}") = "04-CustomConsoleAppPch", "04-CustomConsoleApp\pch\04-CustomConsoleAppPch.vcxproj", "{1115DE20-9092-4111-928E-0F760D9FE444}"
EndProject
Project("{8BC9CEB8-8B4A-11D0-8D11-00A0C91BC942}") = "04-CustomConsoleAppMod", "04-CustomConsoleApp\mod\04-CustomConsoleAppMod.vcxproj", "{2225DE20-9092-4111-928E-0F760D9FE444}"
EndProject
Global
	GlobalSection(SolutionConfigurationPlatforms) = preSolution
		Debug|ARM = Debug|ARM
		Debug|ARM64 = Debug|ARM64
		Debug|x64 = Debug|x64
		Debug|x86 = Debug|x86
		DebugMod|ARM = DebugMod|ARM
		DebugMod|ARM64 = DebugMod|ARM64
		DebugMod|x64 = DebugMod|x64
		DebugMod|x86 = DebugMod|x86
		DebugPch|ARM = DebugPch|ARM
		DebugPch|ARM64 = DebugPch|ARM64
		DebugPch|x64 = DebugPch|x64
		DebugPch|x86 = DebugPch|x86
		Release|ARM = Release|ARM
		Release|ARM64 = Release|ARM64
		Release|x64 = Release|x64
		Release|x86 = Release|x86
		ReleaseMod|ARM = ReleaseMod|ARM
		ReleaseMod|ARM64 = ReleaseMod|ARM64
		ReleaseMod|x64 = ReleaseMod|x64
		ReleaseMod|x86 = ReleaseMod|x86
		ReleasePch|ARM = ReleasePch|ARM
		ReleasePch|ARM64 = ReleasePch|ARM64
		ReleasePch|x64 = ReleasePch|x64
		ReleasePch|x86 = ReleasePch|x86
	EndGlobalSection
	GlobalSection(ProjectConfigurationPlatforms) = postSolution
		{1115DE20-9092-4111-928E-0F760D9FE6EC}.Debug|ARM.ActiveCfg = Debug|x64
		{1115DE20-9092-4111-928E-0F760D9FE6EC}.Debug|ARM.Build.0 = Debug|x64
		{1115DE20-9092-4111-928E-0F760D9FE6EC}.Debug|ARM64.ActiveCfg = Debug|x64
		{1115DE20-9092-4111-928E-0F760D9FE6EC}.Debug|ARM64.Build.0 = Debug|x64
		{1115DE20-9092-4111-928E-0F760D9FE6EC}.Debug|x64.ActiveCfg = Debug|x64
		{1115DE20-9092-4111-928E-0F760D9FE6EC}.Debug|x64.Build.0 = Debug|x64
		{1115DE20-9092-4111-928E-0F760D9FE6EC}.Debug|x86.ActiveCfg = Debug|Win32
		{1115DE20-9092-4111-928E-0F760D9FE6EC}.Debug|x86.Build.0 = Debug|Win32
		{1115DE20-9092-4111-928E-0F760D9FE6EC}.DebugMod|ARM.ActiveCfg = Debug|x64
		{1115DE20-9092-4111-928E-0F760D9FE6EC}.DebugMod|ARM.Build.0 = Debug|x64
		{1115DE20-9092-4111-928E-0F760D9FE6EC}.DebugMod|ARM64.ActiveCfg = Debug|x64
		{1115DE20-9092-4111-928E-0F760D9FE6EC}.DebugMod|ARM64.Build.0 = Debug|x64
		{1115DE20-9092-4111-928E-0F760D9FE6EC}.DebugMod|x64.ActiveCfg = Debug|x64
		{1115DE20-9092-4111-928E-0F760D9FE6EC}.DebugMod|x86.ActiveCfg = Debug|Win32
		{1115DE20-9092-4111-928E-0F760D9FE6EC}.DebugMod|x86.Build.0 = Debug|Win32
		{1115DE20-9092-4111-928E-0F760D9FE6EC}.DebugPch|ARM.ActiveCfg = Debug|x64
		{1115DE20-9092-4111-928E-0F760D9FE6EC}.DebugPch|ARM.Build.0 = Debug|x64
		{1115DE20-9092-4111-928E-0F760D9FE6EC}.DebugPch|ARM64.ActiveCfg = Debug|x64
		{1115DE20-9092-4111-928E-0F760D9FE6EC}.DebugPch|ARM64.Build.0 = Debug|x64
		{1115DE20-9092-4111-928E-0F760D9FE6EC}.DebugPch|x64.ActiveCfg = Debug|x64
		{1115DE20-9092-4111-928E-0F760D9FE6EC}.DebugPch|x64.Build.0 = Debug|x64
		{1115DE20-9092-4111-928E-0F760D9FE6EC}.DebugPch|x86.ActiveCfg = Debug|Win32
		{1115DE20-9092-4111-928E-0F760D9FE6EC}.DebugPch|x86.Build.0 = Debug|Win32
		{1115DE20-9092-4111-928E-0F760D9FE6EC}.Release|ARM.ActiveCfg = Release|x64
		{1115DE20-9092-4111-928E-0F760D9FE6EC}.Release|ARM.Build.0 = Release|x64
		{1115DE20-9092-4111-928E-0F760D9FE6EC}.Release|ARM64.ActiveCfg = Release|x64
		{1115DE20-9092-4111-928E-0F760D9FE6EC}.Release|ARM64.Build.0 = Release|x64
		{1115DE20-9092-4111-928E-0F760D9FE6EC}.Release|x64.ActiveCfg = Release|x64
		{1115DE20-9092-4111-928E-0F760D9FE6EC}.Release|x64.Build.0 = Release|x64
		{1115DE20-9092-4111-928E-0F760D9FE6EC}.Release|x86.ActiveCfg = Release|Win32
		{1115DE20-9092-4111-928E-0F760D9FE6EC}.Release|x86.Build.0 = Release|Win32
		{1115DE20-9092-4111-928E-0F760D9FE6EC}.ReleaseMod|ARM.ActiveCfg = Release|x64
		{1115DE20-9092-4111-928E-0F760D9FE6EC}.ReleaseMod|ARM.Build.0 = Release|x64
		{1115DE20-9092-4111-928E-0F760D9FE6EC}.ReleaseMod|ARM64.ActiveCfg = Release|x64
		{1115DE20-9092-4111-928E-0F760D9FE6EC}.ReleaseMod|ARM64.Build.0 = Release|x64
		{1115DE20-9092-4111-928E-0F760D9FE6EC}.ReleaseMod|x64.ActiveCfg = Release|x64
		{1115DE20-9092-4111-928E-0F760D9FE6EC}.ReleaseMod|x86.ActiveCfg = Release|Win32
		{1115DE20-9092-4111-928E-0F760D9FE6EC}.ReleaseMod|x86.Build.0 = Release|Win32
		{1115DE20-9092-4111-928E-0F760D9FE6EC}.ReleasePch|ARM.ActiveCfg = Release|x64
		{1115DE20-9092-4111-928E-0F760D9FE6EC}.ReleasePch|ARM.Build.0 = Release|x64
		{1115DE20-9092-4111-928E-0F760D9FE6EC}.ReleasePch|ARM64.ActiveCfg = Release|x64
		{1115DE20-9092-4111-928E-0F760D9FE6EC}.ReleasePch|ARM64.Build.0 = Release|x64
		{1115DE20-9092-4111-928E-0F760D9FE6EC}.ReleasePch|x64.ActiveCfg = Release|x64
		{1115DE20-9092-4111-928E-0F760D9FE6EC}.ReleasePch|x64.Build.0 = Release|x64
		{1115DE20-9092-4111-928E-0F760D9FE6EC}.ReleasePch|x86.ActiveCfg = Release|Win32
		{1115DE20-9092-4111-928E-0F760D9FE6EC}.ReleasePch|x86.Build.0 = Release|Win32
		{2225DE20-9092-4111-928E-0F760D9FE6EC}.Debug|ARM.ActiveCfg = Debug|x64
		{2225DE20-9092-4111-928E-0F760D9FE6EC}.Debug|ARM.Build.0 = Debug|x64
		{2225DE20-9092-4111-928E-0F760D9FE6EC}.Debug|ARM64.ActiveCfg = Debug|x64
		{2225DE20-9092-4111-928E-0F760D9FE6EC}.Debug|ARM64.Build.0 = Debug|x64
		{2225DE20-9092-4111-928E-0F760D9FE6EC}.Debug|x64.ActiveCfg = Debug|x64
		{2225DE20-9092-4111-928E-0F760D9FE6EC}.Debug|x64.Build.0 = Debug|x64
		{2225DE20-9092-4111-928E-0F760D9FE6EC}.Debug|x86.ActiveCfg = Debug|Win32
		{2225DE20-9092-4111-928E-0F760D9FE6EC}.Debug|x86.Build.0 = Debug|Win32
		{2225DE20-9092-4111-928E-0F760D9FE6EC}.DebugMod|ARM.ActiveCfg = Debug|x64
		{2225DE20-9092-4111-928E-0F760D9FE6EC}.DebugMod|ARM.Build.0 = Debug|x64
		{2225DE20-9092-4111-928E-0F760D9FE6EC}.DebugMod|ARM64.ActiveCfg = Debug|x64
		{2225DE20-9092-4111-928E-0F760D9FE6EC}.DebugMod|ARM64.Build.0 = Debug|x64
		{2225DE20-9092-4111-928E-0F760D9FE6EC}.DebugMod|x64.ActiveCfg = Debug|x64
		{2225DE20-9092-4111-928E-0F760D9FE6EC}.DebugMod|x64.Build.0 = Debug|x64
		{2225DE20-9092-4111-928E-0F760D9FE6EC}.DebugMod|x86.ActiveCfg = Debug|Win32
		{2225DE20-9092-4111-928E-0F760D9FE6EC}.DebugMod|x86.Build.0 = Debug|Win32
		{2225DE20-9092-4111-928E-0F760D9FE6EC}.DebugPch|ARM.ActiveCfg = Debug|x64
		{2225DE20-9092-4111-928E-0F760D9FE6EC}.DebugPch|ARM.Build.0 = Debug|x64
		{2225DE20-9092-4111-928E-0F760D9FE6EC}.DebugPch|ARM64.ActiveCfg = Debug|x64
		{2225DE20-9092-4111-928E-0F760D9FE6EC}.DebugPch|ARM64.Build.0 = Debug|x64
		{2225DE20-9092-4111-928E-0F760D9FE6EC}.DebugPch|x64.ActiveCfg = Debug|x64
		{2225DE20-9092-4111-928E-0F760D9FE6EC}.DebugPch|x86.ActiveCfg = Debug|Win32
		{2225DE20-9092-4111-928E-0F760D9FE6EC}.DebugPch|x86.Build.0 = Debug|Win32
		{2225DE20-9092-4111-928E-0F760D9FE6EC}.Release|ARM.ActiveCfg = Release|x64
		{2225DE20-9092-4111-928E-0F760D9FE6EC}.Release|ARM.Build.0 = Release|x64
		{2225DE20-9092-4111-928E-0F760D9FE6EC}.Release|ARM64.ActiveCfg = Release|x64
		{2225DE20-9092-4111-928E-0F760D9FE6EC}.Release|ARM64.Build.0 = Release|x64
		{2225DE20-9092-4111-928E-0F760D9FE6EC}.Release|x64.ActiveCfg = Release|x64
		{2225DE20-9092-4111-928E-0F760D9FE6EC}.Release|x64.Build.0 = Release|x64
		{2225DE20-9092-4111-928E-0F760D9FE6EC}.Release|x86.ActiveCfg = Release|Win32
		{2225DE20-9092-4111-928E-0F760D9FE6EC}.Release|x86.Build.0 = Release|Win32
		{2225DE20-9092-4111-928E-0F760D9FE6EC}.ReleaseMod|ARM.ActiveCfg = Release|x64
		{2225DE20-9092-4111-928E-0F760D9FE6EC}.ReleaseMod|ARM.Build.0 = Release|x64
		{2225DE20-9092-4111-928E-0F760D9FE6EC}.ReleaseMod|ARM64.ActiveCfg = Release|x64
		{2225DE20-9092-4111-928E-0F760D9FE6EC}.ReleaseMod|ARM64.Build.0 = Release|x64
		{2225DE20-9092-4111-928E-0F760D9FE6EC}.ReleaseMod|x64.ActiveCfg = Release|x64
		{2225DE20-9092-4111-928E-0F760D9FE6EC}.ReleaseMod|x64.Build.0 = Release|x64
		{2225DE20-9092-4111-928E-0F760D9FE6EC}.ReleaseMod|x86.ActiveCfg = Release|Win32
		{2225DE20-9092-4111-928E-0F760D9FE6EC}.ReleaseMod|x86.Build.0 = Release|Win32
		{2225DE20-9092-4111-928E-0F760D9FE6EC}.ReleasePch|ARM.ActiveCfg = Release|x64
		{2225DE20-9092-4111-928E-0F760D9FE6EC}.ReleasePch|ARM.Build.0 = Release|x64
		{2225DE20-9092-4111-928E-0F760D9FE6EC}.ReleasePch|ARM64.ActiveCfg = Release|x64
		{2225DE20-9092-4111-928E-0F760D9FE6EC}.ReleasePch|ARM64.Build.0 = Release|x64
		{2225DE20-9092-4111-928E-0F760D9FE6EC}.ReleasePch|x64.ActiveCfg = Release|x64
		{2225DE20-9092-4111-928E-0F760D9FE6EC}.ReleasePch|x86.ActiveCfg = Release|Win32
		{2225DE20-9092-4111-928E-0F760D9FE6EC}.ReleasePch|x86.Build.0 = Release|Win32
		{00008F98-A466-4690-B2C0-239486ABE994}.Debug|ARM.ActiveCfg = Debug|x64
		{00008F98-A466-4690-B2C0-239486ABE994}.Debug|ARM.Build.0 = Debug|x64
		{00008F98-A466-4690-B2C0-239486ABE994}.Debug|ARM64.ActiveCfg = Debug|x64
		{00008F98-A466-4690-B2C0-239486ABE994}.Debug|ARM64.Build.0 = Debug|x64
		{00008F98-A466-4690-B2C0-239486ABE994}.Debug|x64.ActiveCfg = Debug|x64
		{00008F98-A466-4690-B2C0-239486ABE994}.Debug|x64.Build.0 = Debug|x64
		{00008F98-A466-4690-B2C0-239486ABE994}.Debug|x86.ActiveCfg = Debug|Win32
		{00008F98-A466-4690-B2C0-239486ABE994}.Debug|x86.Build.0 = Debug|Win32
		{00008F98-A466-4690-B2C0-239486ABE994}.DebugMod|ARM.ActiveCfg = Debug|x64
		{00008F98-A466-4690-B2C0-239486ABE994}.DebugMod|ARM.Build.0 = Debug|x64
		{00008F98-A466-4690-B2C0-239486ABE994}.DebugMod|ARM64.ActiveCfg = Debug|x64
		{00008F98-A466-4690-B2C0-239486ABE994}.DebugMod|ARM64.Build.0 = Debug|x64
		{00008F98-A466-4690-B2C0-239486ABE994}.DebugMod|x64.ActiveCfg = Debug|x64
		{00008F98-A466-4690-B2C0-239486ABE994}.DebugMod|x64.Build.0 = Debug|x64
		{00008F98-A466-4690-B2C0-239486ABE994}.DebugMod|x86.ActiveCfg = Debug|Win32
		{00008F98-A466-4690-B2C0-239486ABE994}.DebugMod|x86.Build.0 = Debug|Win32
		{00008F98-A466-4690-B2C0-239486ABE994}.DebugPch|ARM.ActiveCfg = Debug|x64
		{00008F98-A466-4690-B2C0-239486ABE994}.DebugPch|ARM.Build.0 = Debug|x64
		{00008F98-A466-4690-B2C0-239486ABE994}.DebugPch|ARM64.ActiveCfg = Debug|x64
		{00008F98-A466-4690-B2C0-239486ABE994}.DebugPch|ARM64.Build.0 = Debug|x64
		{00008F98-A466-4690-B2C0-239486ABE994}.DebugPch|x64.ActiveCfg = Debug|x64
		{00008F98-A466-4690-B2C0-239486ABE994}.DebugPch|x86.ActiveCfg = Debug|Win32
		{00008F98-A466-4690-B2C0-239486ABE994}.DebugPch|x86.Build.0 = Debug|Win32
		{00008F98-A466-4690-B2C0-239486ABE994}.Release|ARM.ActiveCfg = Release|x64
		{00008F98-A466-4690-B2C0-239486ABE994}.Release|ARM.Build.0 = Release|x64
		{00008F98-A466-4690-B2C0-239486ABE994}.Release|ARM64.ActiveCfg = Release|x64
		{00008F98-A466-4690-B2C0-239486ABE994}.Release|ARM64.Build.0 = Release|x64
		{00008F98-A466-4690-B2C0-239486ABE994}.Release|x64.ActiveCfg = Release|x64
		{00008F98-A466-4690-B2C0-239486ABE994}.Release|x64.Build.0 = Release|x64
		{00008F98-A466-4690-B2C0-239486ABE994}.Release|x86.ActiveCfg = Release|Win32
		{00008F98-A466-4690-B2C0-239486ABE994}.Release|x86.Build.0 = Release|Win32
		{00008F98-A466-4690-B2C0-239486ABE994}.ReleaseMod|ARM.ActiveCfg = Release|x64
		{00008F98-A466-4690-B2C0-239486ABE994}.ReleaseMod|ARM.Build.0 = Release|x64
		{00008F98-A466-4690-B2C0-239486ABE994}.ReleaseMod|ARM64.ActiveCfg = Release|x64
		{00008F98-A466-4690-B2C0-239486ABE994}.ReleaseMod|ARM64.Build.0 = Release|x64
		{00008F98-A466-4690-B2C0-239486ABE994}.ReleaseMod|x64.ActiveCfg = Release|x64
		{00008F98-A466-4690-B2C0-239486ABE994}.ReleaseMod|x64.Build.0 = Release|x64
		{00008F98-A466-4690-B2C0-239486ABE994}.ReleaseMod|x86.ActiveCfg = Release|Win32
		{00008F98-A466-4690-B2C0-239486ABE994}.ReleaseMod|x86.Build.0 = Release|Win32
		{00008F98-A466-4690-B2C0-239486ABE994}.ReleasePch|ARM.ActiveCfg = Release|x64
		{00008F98-A466-4690-B2C0-239486ABE994}.ReleasePch|ARM.Build.0 = Release|x64
		{00008F98-A466-4690-B2C0-239486ABE994}.ReleasePch|ARM64.ActiveCfg = Release|x64
		{00008F98-A466-4690-B2C0-239486ABE994}.ReleasePch|ARM64.Build.0 = Release|x64
		{00008F98-A466-4690-B2C0-239486ABE994}.ReleasePch|x64.ActiveCfg = Release|x64
		{00008F98-A466-4690-B2C0-239486ABE994}.ReleasePch|x86.ActiveCfg = Release|Win32
		{00008F98-A466-4690-B2C0-239486ABE994}.ReleasePch|x86.Build.0 = Release|Win32
		{2225DE20-9092-4111-928E-0F760D9FE222}.Debug|ARM.ActiveCfg = Debug|x64
		{2225DE20-9092-4111-928E-0F760D9FE222}.Debug|ARM.Build.0 = Debug|x64
		{2225DE20-9092-4111-928E-0F760D9FE222}.Debug|ARM64.ActiveCfg = Debug|x64
		{2225DE20-9092-4111-928E-0F760D9FE222}.Debug|ARM64.Build.0 = Debug|x64
		{2225DE20-9092-4111-928E-0F760D9FE222}.Debug|x64.ActiveCfg = Debug|x64
		{2225DE20-9092-4111-928E-0F760D9FE222}.Debug|x64.Build.0 = Debug|x64
		{2225DE20-9092-4111-928E-0F760D9FE222}.Debug|x86.ActiveCfg = Debug|Win32
		{2225DE20-9092-4111-928E-0F760D9FE222}.Debug|x86.Build.0 = Debug|Win32
		{2225DE20-9092-4111-928E-0F760D9FE222}.DebugMod|ARM.ActiveCfg = Debug|x64
		{2225DE20-9092-4111-928E-0F760D9FE222}.DebugMod|ARM.Build.0 = Debug|x64
		{2225DE20-9092-4111-928E-0F760D9FE222}.DebugMod|ARM64.ActiveCfg = Debug|x64
		{2225DE20-9092-4111-928E-0F760D9FE222}.DebugMod|ARM64.Build.0 = Debug|x64
		{2225DE20-9092-4111-928E-0F760D9FE222}.DebugMod|x64.ActiveCfg = Debug|x64
		{2225DE20-9092-4111-928E-0F760D9FE222}.DebugMod|x64.Build.0 = Debug|x64
		{2225DE20-9092-4111-928E-0F760D9FE222}.DebugMod|x86.ActiveCfg = Debug|Win32
		{2225DE20-9092-4111-928E-0F760D9FE222}.DebugMod|x86.Build.0 = Debug|Win32
		{2225DE20-9092-4111-928E-0F760D9FE222}.DebugPch|ARM.ActiveCfg = Debug|x64
		{2225DE20-9092-4111-928E-0F760D9FE222}.DebugPch|ARM.Build.0 = Debug|x64
		{2225DE20-9092-4111-928E-0F760D9FE222}.DebugPch|ARM64.ActiveCfg = Debug|x64
		{2225DE20-9092-4111-928E-0F760D9FE222}.DebugPch|ARM64.Build.0 = Debug|x64
		{2225DE20-9092-4111-928E-0F760D9FE222}.DebugPch|x64.ActiveCfg = Debug|x64
		{2225DE20-9092-4111-928E-0F760D9FE222}.DebugPch|x86.ActiveCfg = Debug|Win32
		{2225DE20-9092-4111-928E-0F760D9FE222}.DebugPch|x86.Build.0 = Debug|Win32
		{2225DE20-9092-4111-928E-0F760D9FE222}.Release|ARM.ActiveCfg = Release|x64
		{2225DE20-9092-4111-928E-0F760D9FE222}.Release|ARM.Build.0 = Release|x64
		{2225DE20-9092-4111-928E-0F760D9FE222}.Release|ARM64.ActiveCfg = Release|x64
		{2225DE20-9092-4111-928E-0F760D9FE222}.Release|ARM64.Build.0 = Release|x64
		{2225DE20-9092-4111-928E-0F760D9FE222}.Release|x64.ActiveCfg = Release|x64
		{2225DE20-9092-4111-928E-0F760D9FE222}.Release|x64.Build.0 = Release|x64
		{2225DE20-9092-4111-928E-0F760D9FE222}.Release|x86.ActiveCfg = Release|Win32
		{2225DE20-9092-4111-928E-0F760D9FE222}.Release|x86.Build.0 = Release|Win32
		{2225DE20-9092-4111-928E-0F760D9FE222}.ReleaseMod|ARM.ActiveCfg = Release|x64
		{2225DE20-9092-4111-928E-0F760D9FE222}.ReleaseMod|ARM.Build.0 = Release|x64
		{2225DE20-9092-4111-928E-0F760D9FE222}.ReleaseMod|ARM64.ActiveCfg = Release|x64
		{2225DE20-9092-4111-928E-0F760D9FE222}.ReleaseMod|ARM64.Build.0 = Release|x64
		{2225DE20-9092-4111-928E-0F760D9FE222}.ReleaseMod|x64.ActiveCfg = Release|x64
		{2225DE20-9092-4111-928E-0F760D9FE222}.ReleaseMod|x64.Build.0 = Release|x64
		{2225DE20-9092-4111-928E-0F760D9FE222}.ReleaseMod|x86.ActiveCfg = Release|Win32
		{2225DE20-9092-4111-928E-0F760D9FE222}.ReleaseMod|x86.Build.0 = Release|Win32
		{2225DE20-9092-4111-928E-0F760D9FE222}.ReleasePch|ARM.ActiveCfg = Release|x64
		{2225DE20-9092-4111-928E-0F760D9FE222}.ReleasePch|ARM.Build.0 = Release|x64
		{2225DE20-9092-4111-928E-0F760D9FE222}.ReleasePch|ARM64.ActiveCfg = Release|x64
		{2225DE20-9092-4111-928E-0F760D9FE222}.ReleasePch|ARM64.Build.0 = Release|x64
		{2225DE20-9092-4111-928E-0F760D9FE222}.ReleasePch|x64.ActiveCfg = Release|x64
		{2225DE20-9092-4111-928E-0F760D9FE222}.ReleasePch|x86.ActiveCfg = Release|Win32
		{2225DE20-9092-4111-928E-0F760D9FE222}.ReleasePch|x86.Build.0 = Release|Win32
		{1115DE20-9092-4111-928E-0F760D9FE222}.Debug|ARM.ActiveCfg = Debug|x64
		{1115DE20-9092-4111-928E-0F760D9FE222}.Debug|ARM.Build.0 = Debug|x64
		{1115DE20-9092-4111-928E-0F760D9FE222}.Debug|ARM64.ActiveCfg = Debug|x64
		{1115DE20-9092-4111-928E-0F760D9FE222}.Debug|ARM64.Build.0 = Debug|x64
		{1115DE20-9092-4111-928E-0F760D9FE222}.Debug|x64.ActiveCfg = Debug|x64
		{1115DE20-9092-4111-928E-0F760D9FE222}.Debug|x64.Build.0 = Debug|x64
		{1115DE20-9092-4111-928E-0F760D9FE222}.Debug|x86.ActiveCfg = Debug|Win32
		{1115DE20-9092-4111-928E-0F760D9FE222}.Debug|x86.Build.0 = Debug|Win32
		{1115DE20-9092-4111-928E-0F760D9FE222}.DebugMod|ARM.ActiveCfg = Debug|x64
		{1115DE20-9092-4111-928E-0F760D9FE222}.DebugMod|ARM.Build.0 = Debug|x64
		{1115DE20-9092-4111-928E-0F760D9FE222}.DebugMod|ARM64.ActiveCfg = Debug|x64
		{1115DE20-9092-4111-928E-0F760D9FE222}.DebugMod|ARM64.Build.0 = Debug|x64
		{1115DE20-9092-4111-928E-0F760D9FE222}.DebugMod|x64.ActiveCfg = Debug|x64
		{1115DE20-9092-4111-928E-0F760D9FE222}.DebugMod|x86.ActiveCfg = Debug|Win32
		{1115DE20-9092-4111-928E-0F760D9FE222}.DebugMod|x86.Build.0 = Debug|Win32
		{1115DE20-9092-4111-928E-0F760D9FE222}.DebugPch|ARM.ActiveCfg = Debug|x64
		{1115DE20-9092-4111-928E-0F760D9FE222}.DebugPch|ARM.Build.0 = Debug|x64
		{1115DE20-9092-4111-928E-0F760D9FE222}.DebugPch|ARM64.ActiveCfg = Debug|x64
		{1115DE20-9092-4111-928E-0F760D9FE222}.DebugPch|ARM64.Build.0 = Debug|x64
		{1115DE20-9092-4111-928E-0F760D9FE222}.DebugPch|x64.ActiveCfg = Debug|x64
		{1115DE20-9092-4111-928E-0F760D9FE222}.DebugPch|x64.Build.0 = Debug|x64
		{1115DE20-9092-4111-928E-0F760D9FE222}.DebugPch|x86.ActiveCfg = Debug|Win32
		{1115DE20-9092-4111-928E-0F760D9FE222}.DebugPch|x86.Build.0 = Debug|Win32
		{1115DE20-9092-4111-928E-0F760D9FE222}.Release|ARM.ActiveCfg = Release|x64
		{1115DE20-9092-4111-928E-0F760D9FE222}.Release|ARM.Build.0 = Release|x64
		{1115DE20-9092-4111-928E-0F760D9FE222}.Release|ARM64.ActiveCfg = Release|x64
		{1115DE20-9092-4111-928E-0F760D9FE222}.Release|ARM64.Build.0 = Release|x64
		{1115DE20-9092-4111-928E-0F760D9FE222}.Release|x64.ActiveCfg = Release|x64
		{1115DE20-9092-4111-928E-0F760D9FE222}.Release|x64.Build.0 = Release|x64
		{1115DE20-9092-4111-928E-0F760D9FE222}.Release|x86.ActiveCfg = Release|Win32
		{1115DE20-9092-4111-928E-0F760D9FE222}.Release|x86.Build.0 = Release|Win32
		{1115DE20-9092-4111-928E-0F760D9FE222}.ReleaseMod|ARM.ActiveCfg = Release|x64
		{1115DE20-9092-4111-928E-0F760D9FE222}.ReleaseMod|ARM.Build.0 = Release|x64
		{1115DE20-9092-4111-928E-0F760D9FE222}.ReleaseMod|ARM64.ActiveCfg = Release|x64
		{1115DE20-9092-4111-928E-0F760D9FE222}.ReleaseMod|ARM64.Build.0 = Release|x64
		{1115DE20-9092-4111-928E-0F760D9FE222}.ReleaseMod|x64.ActiveCfg = Release|x64
		{1115DE20-9092-4111-928E-0F760D9FE222}.ReleaseMod|x86.ActiveCfg = Release|Win32
		{1115DE20-9092-4111-928E-0F760D9FE222}.ReleaseMod|x86.Build.0 = Release|Win32
		{1115DE20-9092-4111-928E-0F760D9FE222}.ReleasePch|ARM.ActiveCfg = Release|x64
		{1115DE20-9092-4111-928E-0F760D9FE222}.ReleasePch|ARM.Build.0 = Release|x64
		{1115DE20-9092-4111-928E-0F760D9FE222}.ReleasePch|ARM64.ActiveCfg = Release|x64
		{1115DE20-9092-4111-928E-0F760D9FE222}.ReleasePch|ARM64.Build.0 = Release|x64
		{1115DE20-9092-4111-928E-0F760D9FE222}.ReleasePch|x64.ActiveCfg = Release|x64
		{1115DE20-9092-4111-928E-0F760D9FE222}.ReleasePch|x64.Build.0 = Release|x64
		{1115DE20-9092-4111-928E-0F760D9FE222}.ReleasePch|x86.ActiveCfg = Release|Win32
		{1115DE20-9092-4111-928E-0F760D9FE222}.ReleasePch|x86.Build.0 = Release|Win32
		{11117EE0-573F-4CD2-A1AC-B8F5F3299333}.Debug|ARM.ActiveCfg = Debug|ARM
		{11117EE0-573F-4CD2-A1AC-B8F5F3299333}.Debug|ARM.Build.0 = Debug|ARM
		{11117EE0-573F-4CD2-A1AC-B8F5F3299333}.Debug|ARM64.ActiveCfg = Debug|ARM64
		{11117EE0-573F-4CD2-A1AC-B8F5F3299333}.Debug|ARM64.Build.0 = Debug|ARM64
		{11117EE0-573F-4CD2-A1AC-B8F5F3299333}.Debug|x64.ActiveCfg = Debug|x64
		{11117EE0-573F-4CD2-A1AC-B8F5F3299333}.Debug|x64.Build.0 = Debug|x64
		{11117EE0-573F-4CD2-A1AC-B8F5F3299333}.Debug|x86.ActiveCfg = Debug|Win32
		{11117EE0-573F-4CD2-A1AC-B8F5F3299333}.Debug|x86.Build.0 = Debug|Win32
		{11117EE0-573F-4CD2-A1AC-B8F5F3299333}.DebugMod|ARM.ActiveCfg = Debug|ARM
		{11117EE0-573F-4CD2-A1AC-B8F5F3299333}.DebugMod|ARM.Build.0 = Debug|ARM
		{11117EE0-573F-4CD2-A1AC-B8F5F3299333}.DebugMod|ARM64.ActiveCfg = Debug|ARM64
		{11117EE0-573F-4CD2-A1AC-B8F5F3299333}.DebugMod|ARM64.Build.0 = Debug|ARM64
		{11117EE0-573F-4CD2-A1AC-B8F5F3299333}.DebugMod|x64.ActiveCfg = Debug|x64
		{11117EE0-573F-4CD2-A1AC-B8F5F3299333}.DebugMod|x86.ActiveCfg = Debug|Win32
		{11117EE0-573F-4CD2-A1AC-B8F5F3299333}.DebugMod|x86.Build.0 = Debug|Win32
		{11117EE0-573F-4CD2-A1AC-B8F5F3299333}.DebugPch|ARM.ActiveCfg = Debug|ARM
		{11117EE0-573F-4CD2-A1AC-B8F5F3299333}.DebugPch|ARM.Build.0 = Debug|ARM
		{11117EE0-573F-4CD2-A1AC-B8F5F3299333}.DebugPch|ARM64.ActiveCfg = Debug|ARM64
		{11117EE0-573F-4CD2-A1AC-B8F5F3299333}.DebugPch|ARM64.Build.0 = Debug|ARM64
		{11117EE0-573F-4CD2-A1AC-B8F5F3299333}.DebugPch|x64.ActiveCfg = Debug|x64
		{11117EE0-573F-4CD2-A1AC-B8F5F3299333}.DebugPch|x64.Build.0 = Debug|x64
		{11117EE0-573F-4CD2-A1AC-B8F5F3299333}.DebugPch|x86.ActiveCfg = Debug|Win32
		{11117EE0-573F-4CD2-A1AC-B8F5F3299333}.DebugPch|x86.Build.0 = Debug|Win32
		{11117EE0-573F-4CD2-A1AC-B8F5F3299333}.Release|ARM.ActiveCfg = Release|ARM
		{11117EE0-573F-4CD2-A1AC-B8F5F3299333}.Release|ARM.Build.0 = Release|ARM
		{11117EE0-573F-4CD2-A1AC-B8F5F3299333}.Release|ARM64.ActiveCfg = Release|ARM64
		{11117EE0-573F-4CD2-A1AC-B8F5F3299333}.Release|ARM64.Build.0 = Release|ARM64
		{11117EE0-573F-4CD2-A1AC-B8F5F3299333}.Release|x64.ActiveCfg = Release|x64
		{11117EE0-573F-4CD2-A1AC-B8F5F3299333}.Release|x64.Build.0 = Release|x64
		{11117EE0-573F-4CD2-A1AC-B8F5F3299333}.Release|x86.ActiveCfg = Release|Win32
		{11117EE0-573F-4CD2-A1AC-B8F5F3299333}.Release|x86.Build.0 = Release|Win32
		{11117EE0-573F-4CD2-A1AC-B8F5F3299333}.ReleaseMod|ARM.ActiveCfg = Release|ARM
		{11117EE0-573F-4CD2-A1AC-B8F5F3299333}.ReleaseMod|ARM.Build.0 = Release|ARM
		{11117EE0-573F-4CD2-A1AC-B8F5F3299333}.ReleaseMod|ARM64.ActiveCfg = Release|ARM64
		{11117EE0-573F-4CD2-A1AC-B8F5F3299333}.ReleaseMod|ARM64.Build.0 = Release|ARM64
		{11117EE0-573F-4CD2-A1AC-B8F5F3299333}.ReleaseMod|x64.ActiveCfg = Release|x64
		{11117EE0-573F-4CD2-A1AC-B8F5F3299333}.ReleaseMod|x86.ActiveCfg = Release|Win32
		{11117EE0-573F-4CD2-A1AC-B8F5F3299333}.ReleaseMod|x86.Build.0 = Release|Win32
		{11117EE0-573F-4CD2-A1AC-B8F5F3299333}.ReleasePch|ARM.ActiveCfg = Release|ARM
		{11117EE0-573F-4CD2-A1AC-B8F5F3299333}.ReleasePch|ARM.Build.0 = Release|ARM
		{11117EE0-573F-4CD2-A1AC-B8F5F3299333}.ReleasePch|ARM64.ActiveCfg = Release|ARM64
		{11117EE0-573F-4CD2-A1AC-B8F5F3299333}.ReleasePch|ARM64.Build.0 = Release|ARM64
		{11117EE0-573F-4CD2-A1AC-B8F5F3299333}.ReleasePch|x64.ActiveCfg = Release|x64
		{11117EE0-573F-4CD2-A1AC-B8F5F3299333}.ReleasePch|x64.Build.0 = Release|x64
		{11117EE0-573F-4CD2-A1AC-B8F5F3299333}.ReleasePch|x86.ActiveCfg = Release|Win32
		{11117EE0-573F-4CD2-A1AC-B8F5F3299333}.ReleasePch|x86.Build.0 = Release|Win32
		{22217EE0-573F-4CD2-A1AC-B8F5F3299333}.Debug|ARM.ActiveCfg = Debug|ARM
		{22217EE0-573F-4CD2-A1AC-B8F5F3299333}.Debug|ARM.Build.0 = Debug|ARM
		{22217EE0-573F-4CD2-A1AC-B8F5F3299333}.Debug|ARM64.ActiveCfg = Debug|ARM64
		{22217EE0-573F-4CD2-A1AC-B8F5F3299333}.Debug|ARM64.Build.0 = Debug|ARM64
		{22217EE0-573F-4CD2-A1AC-B8F5F3299333}.Debug|x64.ActiveCfg = Debug|x64
		{22217EE0-573F-4CD2-A1AC-B8F5F3299333}.Debug|x64.Build.0 = Debug|x64
		{22217EE0-573F-4CD2-A1AC-B8F5F3299333}.Debug|x86.ActiveCfg = Debug|Win32
		{22217EE0-573F-4CD2-A1AC-B8F5F3299333}.Debug|x86.Build.0 = Debug|Win32
		{22217EE0-573F-4CD2-A1AC-B8F5F3299333}.DebugMod|ARM.ActiveCfg = Debug|ARM
		{22217EE0-573F-4CD2-A1AC-B8F5F3299333}.DebugMod|ARM.Build.0 = Debug|ARM
		{22217EE0-573F-4CD2-A1AC-B8F5F3299333}.DebugMod|ARM64.ActiveCfg = Debug|ARM64
		{22217EE0-573F-4CD2-A1AC-B8F5F3299333}.DebugMod|ARM64.Build.0 = Debug|ARM64
		{22217EE0-573F-4CD2-A1AC-B8F5F3299333}.DebugMod|x64.ActiveCfg = Debug|x64
		{22217EE0-573F-4CD2-A1AC-B8F5F3299333}.DebugMod|x64.Build.0 = Debug|x64
		{22217EE0-573F-4CD2-A1AC-B8F5F3299333}.DebugMod|x86.ActiveCfg = Debug|Win32
		{22217EE0-573F-4CD2-A1AC-B8F5F3299333}.DebugMod|x86.Build.0 = Debug|Win32
		{22217EE0-573F-4CD2-A1AC-B8F5F3299333}.DebugPch|ARM.ActiveCfg = Debug|ARM
		{22217EE0-573F-4CD2-A1AC-B8F5F3299333}.DebugPch|ARM.Build.0 = Debug|ARM
		{22217EE0-573F-4CD2-A1AC-B8F5F3299333}.DebugPch|ARM64.ActiveCfg = Debug|ARM64
		{22217EE0-573F-4CD2-A1AC-B8F5F3299333}.DebugPch|ARM64.Build.0 = Debug|ARM64
		{22217EE0-573F-4CD2-A1AC-B8F5F3299333}.DebugPch|x64.ActiveCfg = Debug|x64
		{22217EE0-573F-4CD2-A1AC-B8F5F3299333}.DebugPch|x86.ActiveCfg = Debug|Win32
		{22217EE0-573F-4CD2-A1AC-B8F5F3299333}.DebugPch|x86.Build.0 = Debug|Win32
		{22217EE0-573F-4CD2-A1AC-B8F5F3299333}.Release|ARM.ActiveCfg = Release|ARM
		{22217EE0-573F-4CD2-A1AC-B8F5F3299333}.Release|ARM.Build.0 = Release|ARM
		{22217EE0-573F-4CD2-A1AC-B8F5F3299333}.Release|ARM64.ActiveCfg = Release|ARM64
		{22217EE0-573F-4CD2-A1AC-B8F5F3299333}.Release|ARM64.Build.0 = Release|ARM64
		{22217EE0-573F-4CD2-A1AC-B8F5F3299333}.Release|x64.ActiveCfg = Release|x64
		{22217EE0-573F-4CD2-A1AC-B8F5F3299333}.Release|x64.Build.0 = Release|x64
		{22217EE0-573F-4CD2-A1AC-B8F5F3299333}.Release|x86.ActiveCfg = Release|Win32
		{22217EE0-573F-4CD2-A1AC-B8F5F3299333}.Release|x86.Build.0 = Release|Win32
		{22217EE0-573F-4CD2-A1AC-B8F5F3299333}.ReleaseMod|ARM.ActiveCfg = Release|ARM
		{22217EE0-573F-4CD2-A1AC-B8F5F3299333}.ReleaseMod|ARM.Build.0 = Release|ARM
		{22217EE0-573F-4CD2-A1AC-B8F5F3299333}.ReleaseMod|ARM64.ActiveCfg = Release|ARM64
		{22217EE0-573F-4CD2-A1AC-B8F5F3299333}.ReleaseMod|ARM64.Build.0 = Release|ARM64
		{22217EE0-573F-4CD2-A1AC-B8F5F3299333}.ReleaseMod|x64.ActiveCfg = Release|x64
		{22217EE0-573F-4CD2-A1AC-B8F5F3299333}.ReleaseMod|x64.Build.0 = Release|x64
		{22217EE0-573F-4CD2-A1AC-B8F5F3299333}.ReleaseMod|x86.ActiveCfg = Release|Win32
		{22217EE0-573F-4CD2-A1AC-B8F5F3299333}.ReleaseMod|x86.Build.0 = Release|Win32
		{22217EE0-573F-4CD2-A1AC-B8F5F3299333}.ReleasePch|ARM.ActiveCfg = Release|ARM
		{22217EE0-573F-4CD2-A1AC-B8F5F3299333}.ReleasePch|ARM.Build.0 = Release|ARM
		{22217EE0-573F-4CD2-A1AC-B8F5F3299333}.ReleasePch|ARM64.ActiveCfg = Release|ARM64
		{22217EE0-573F-4CD2-A1AC-B8F5F3299333}.ReleasePch|ARM64.Build.0 = Release|ARM64
		{22217EE0-573F-4CD2-A1AC-B8F5F3299333}.ReleasePch|x64.ActiveCfg = Release|x64
		{22217EE0-573F-4CD2-A1AC-B8F5F3299333}.ReleasePch|x86.ActiveCfg = Release|Win32
		{22217EE0-573F-4CD2-A1AC-B8F5F3299333}.ReleasePch|x86.Build.0 = Release|Win32
		{1115DE20-9092-4111-928E-0F760D9FE444}.Debug|ARM.ActiveCfg = Debug|x64
		{1115DE20-9092-4111-928E-0F760D9FE444}.Debug|ARM.Build.0 = Debug|x64
		{1115DE20-9092-4111-928E-0F760D9FE444}.Debug|ARM64.ActiveCfg = Debug|x64
		{1115DE20-9092-4111-928E-0F760D9FE444}.Debug|ARM64.Build.0 = Debug|x64
		{1115DE20-9092-4111-928E-0F760D9FE444}.Debug|x64.ActiveCfg = Debug|x64
		{1115DE20-9092-4111-928E-0F760D9FE444}.Debug|x64.Build.0 = Debug|x64
		{1115DE20-9092-4111-928E-0F760D9FE444}.Debug|x86.ActiveCfg = Debug|Win32
		{1115DE20-9092-4111-928E-0F760D9FE444}.Debug|x86.Build.0 = Debug|Win32
		{1115DE20-9092-4111-928E-0F760D9FE444}.DebugMod|ARM.ActiveCfg = Debug|x64
		{1115DE20-9092-4111-928E-0F760D9FE444}.DebugMod|ARM.Build.0 = Debug|x64
		{1115DE20-9092-4111-928E-0F760D9FE444}.DebugMod|ARM64.ActiveCfg = Debug|x64
		{1115DE20-9092-4111-928E-0F760D9FE444}.DebugMod|ARM64.Build.0 = Debug|x64
		{1115DE20-9092-4111-928E-0F760D9FE444}.DebugMod|x64.ActiveCfg = Debug|x64
		{1115DE20-9092-4111-928E-0F760D9FE444}.DebugMod|x86.ActiveCfg = Debug|Win32
		{1115DE20-9092-4111-928E-0F760D9FE444}.DebugMod|x86.Build.0 = Debug|Win32
		{1115DE20-9092-4111-928E-0F760D9FE444}.DebugPch|ARM.ActiveCfg = Debug|x64
		{1115DE20-9092-4111-928E-0F760D9FE444}.DebugPch|ARM.Build.0 = Debug|x64
		{1115DE20-9092-4111-928E-0F760D9FE444}.DebugPch|ARM64.ActiveCfg = Debug|x64
		{1115DE20-9092-4111-928E-0F760D9FE444}.DebugPch|ARM64.Build.0 = Debug|x64
		{1115DE20-9092-4111-928E-0F760D9FE444}.DebugPch|x64.ActiveCfg = Debug|x64
		{1115DE20-9092-4111-928E-0F760D9FE444}.DebugPch|x64.Build.0 = Debug|x64
		{1115DE20-9092-4111-928E-0F760D9FE444}.DebugPch|x86.ActiveCfg = Debug|Win32
		{1115DE20-9092-4111-928E-0F760D9FE444}.DebugPch|x86.Build.0 = Debug|Win32
		{1115DE20-9092-4111-928E-0F760D9FE444}.Release|ARM.ActiveCfg = Release|x64
		{1115DE20-9092-4111-928E-0F760D9FE444}.Release|ARM.Build.0 = Release|x64
		{1115DE20-9092-4111-928E-0F760D9FE444}.Release|ARM64.ActiveCfg = Release|x64
		{1115DE20-9092-4111-928E-0F760D9FE444}.Release|ARM64.Build.0 = Release|x64
		{1115DE20-9092-4111-928E-0F760D9FE444}.Release|x64.ActiveCfg = Release|x64
		{1115DE20-9092-4111-928E-0F760D9FE444}.Release|x64.Build.0 = Release|x64
		{1115DE20-9092-4111-928E-0F760D9FE444}.Release|x86.ActiveCfg = Release|Win32
		{1115DE20-9092-4111-928E-0F760D9FE444}.Release|x86.Build.0 = Release|Win32
		{1115DE20-9092-4111-928E-0F760D9FE444}.ReleaseMod|ARM.ActiveCfg = Release|x64
		{1115DE20-9092-4111-928E-0F760D9FE444}.ReleaseMod|ARM.Build.0 = Release|x64
		{1115DE20-9092-4111-928E-0F760D9FE444}.ReleaseMod|ARM64.ActiveCfg = Release|x64
		{1115DE20-9092-4111-928E-0F760D9FE444}.ReleaseMod|ARM64.Build.0 = Release|x64
		{1115DE20-9092-4111-928E-0F760D9FE444}.ReleaseMod|x64.ActiveCfg = Release|x64
		{1115DE20-9092-4111-928E-0F760D9FE444}.ReleaseMod|x86.ActiveCfg = Release|Win32
		{1115DE20-9092-4111-928E-0F760D9FE444}.ReleaseMod|x86.Build.0 = Release|Win32
		{1115DE20-9092-4111-928E-0F760D9FE444}.ReleasePch|ARM.ActiveCfg = Release|x64
		{1115DE20-9092-4111-928E-0F760D9FE444}.ReleasePch|ARM.Build.0 = Release|x64
		{1115DE20-9092-4111-928E-0F760D9FE444}.ReleasePch|ARM64.ActiveCfg = Release|x64
		{1115DE20-9092-4111-928E-0F760D9FE444}.ReleasePch|ARM64.Build.0 = Release|x64
		{1115DE20-9092-4111-928E-0F760D9FE444}.ReleasePch|x64.ActiveCfg = Release|x64
		{1115DE20-9092-4111-928E-0F760D9FE444}.ReleasePch|x64.Build.0 = Release|x64
		{1115DE20-9092-4111-928E-0F760D9FE444}.ReleasePch|x86.ActiveCfg = Release|Win32
		{1115DE20-9092-4111-928E-0F760D9FE444}.ReleasePch|x86.Build.0 = Release|Win32
		{2225DE20-9092-4111-928E-0F760D9FE444}.Debug|ARM.ActiveCfg = Debug|x64
		{2225DE20-9092-4111-928E-0F760D9FE444}.Debug|ARM.Build.0 = Debug|x64
		{2225DE20-9092-4111-928E-0F760D9FE444}.Debug|ARM64.ActiveCfg = Debug|x64
		{2225DE20-9092-4111-928E-0F760D9FE444}.Debug|ARM64.Build.0 = Debug|x64
		{2225DE20-9092-4111-928E-0F760D9FE444}.Debug|x64.ActiveCfg = Debug|x64
		{2225DE20-9092-4111-928E-0F760D9FE444}.Debug|x64.Build.0 = Debug|x64
		{2225DE20-9092-4111-928E-0F760D9FE444}.Debug|x86.ActiveCfg = Debug|Win32
		{2225DE20-9092-4111-928E-0F760D9FE444}.Debug|x86.Build.0 = Debug|Win32
		{2225DE20-9092-4111-928E-0F760D9FE444}.DebugMod|ARM.ActiveCfg = Debug|x64
		{2225DE20-9092-4111-928E-0F760D9FE444}.DebugMod|ARM.Build.0 = Debug|x64
		{2225DE20-9092-4111-928E-0F760D9FE444}.DebugMod|ARM64.ActiveCfg = Debug|x64
		{2225DE20-9092-4111-928E-0F760D9FE444}.DebugMod|ARM64.Build.0 = Debug|x64
		{2225DE20-9092-4111-928E-0F760D9FE444}.DebugMod|x64.ActiveCfg = Debug|x64
		{2225DE20-9092-4111-928E-0F760D9FE444}.DebugMod|x64.Build.0 = Debug|x64
		{2225DE20-9092-4111-928E-0F760D9FE444}.DebugMod|x86.ActiveCfg = Debug|Win32
		{2225DE20-9092-4111-928E-0F760D9FE444}.DebugMod|x86.Build.0 = Debug|Win32
		{2225DE20-9092-4111-928E-0F760D9FE444}.DebugPch|ARM.ActiveCfg = Debug|x64
		{2225DE20-9092-4111-928E-0F760D9FE444}.DebugPch|ARM.Build.0 = Debug|x64
		{2225DE20-9092-4111-928E-0F760D9FE444}.DebugPch|ARM64.ActiveCfg = Debug|x64
		{2225DE20-9092-4111-928E-0F760D9FE444}.DebugPch|ARM64.Build.0 = Debug|x64
		{2225DE20-9092-4111-928E-0F760D9FE444}.DebugPch|x64.ActiveCfg = Debug|x64
		{2225DE20-9092-4111-928E-0F760D9FE444}.DebugPch|x86.ActiveCfg = Debug|Win32
		{2225DE20-9092-4111-928E-0F760D9FE444}.DebugPch|x86.Build.0 = Debug|Win32
		{2225DE20-9092-4111-928E-0F760D9FE444}.Release|ARM.ActiveCfg = Release|x64
		{2225DE20-9092-4111-928E-0F760D9FE444}.Release|ARM.Build.0 = Release|x64
		{2225DE20-9092-4111-928E-0F760D9FE444}.Release|ARM64.ActiveCfg = Release|x64
		{2225DE20-9092-4111-928E-0F760D9FE444}.Release|ARM64.Build.0 = Release|x64
		{2225DE20-9092-4111-928E-0F760D9FE444}.Release|x64.ActiveCfg = Release|x64
		{2225DE20-9092-4111-928E-0F760D9FE444}.Release|x64.Build.0 = Release|x64
		{2225DE20-9092-4111-928E-0F760D9FE444}.Release|x86.ActiveCfg = Release|Win32
		{2225DE20-9092-4111-928E-0F760D9FE444}.Release|x86.Build.0 = Release|Win32
		{2225DE20-9092-4111-928E-0F760D9FE444}.ReleaseMod|ARM.ActiveCfg = Release|x64
		{2225DE20-9092-4111-928E-0F760D9FE444}.ReleaseMod|ARM.Build.0 = Release|x64
		{2225DE20-9092-4111-928E-0F760D9FE444}.ReleaseMod|ARM64.ActiveCfg = Release|x64
		{2225DE20-9092-4111-928E-0F760D9FE444}.ReleaseMod|ARM64.Build.0 = Release|x64
		{2225DE20-9092-4111-928E-0F760D9FE444}.ReleaseMod|x64.ActiveCfg = Release|x64
		{2225DE20-9092-4111-928E-0F760D9FE444}.ReleaseMod|x64.Build.0 = Release|x64
		{2225DE20-9092-4111-928E-0F760D9FE444}.ReleaseMod|x86.ActiveCfg = Release|Win32
		{2225DE20-9092-4111-928E-0F760D9FE444}.ReleaseMod|x86.Build.0 = Release|Win32
		{2225DE20-9092-4111-928E-0F760D9FE444}.ReleasePch|ARM.ActiveCfg = Release|x64
		{2225DE20-9092-4111-928E-0F760D9FE444}.ReleasePch|ARM.Build.0 = Release|x64
		{2225DE20-9092-4111-928E-0F760D9FE444}.ReleasePch|ARM64.ActiveCfg = Release|x64
		{2225DE20-9092-4111-928E-0F760D9FE444}.ReleasePch|ARM64.Build.0 = Release|x64
		{2225DE20-9092-4111-928E-0F760D9FE444}.ReleasePch|x64.ActiveCfg = Release|x64
		{2225DE20-9092-4111-928E-0F760D9FE444}.ReleasePch|x86.ActiveCfg = Release|Win32
		{2225DE20-9092-4111-928E-0F760D9FE444}.ReleasePch|x86.Build.0 = Release|Win32
	EndGlobalSection
	GlobalSection(SolutionProperties) = preSolution
		HideSolutionNode = FALSE
	EndGlobalSection
	GlobalSection(ExtensibilityGlobals) = postSolution
		SolutionGuid = {FC836CEC-3E0F-47F2-902E-D159D66BE317}
	EndGlobalSection
EndGlobal
